Microsoft Visual Studio Solution File, Format Version 12.00
# Visual Studio Version 17
VisualStudioVersion = 17.5.2.0
MinimumVisualStudioVersion = 10.0.40219.1
Project("{2150E333-8FDC-42A3-9474-1A3956D46DE8}") = "FavorisApi", "FavorisApi", "{54C61845-3ACF-FF71-D043-81536256662E}"
EndProject
Project("{FAE04EC0-301F-11D3-BF4B-00C04F79EFBC}") = "FavorisApi", "FavorisApi\FavorisApi\FavorisApi.csproj", "{223D9891-3DEE-DC28-F796-FC041EC20F9F}"
EndProject
Global
	GlobalSection(SolutionConfigurationPlatforms) = preSolution
		Debug|Any CPU = Debug|Any CPU
		Release|Any CPU = Release|Any CPU
	EndGlobalSection
	GlobalSection(ProjectConfigurationPlatforms) = postSolution
		{223D9891-3DEE-DC28-F796-FC041EC20F9F}.Debug|Any CPU.ActiveCfg = Debug|Any CPU
		{223D9891-3DEE-DC28-F796-FC041EC20F9F}.Debug|Any CPU.Build.0 = Debug|Any CPU
		{223D9891-3DEE-DC28-F796-FC041EC20F9F}.Release|Any CPU.ActiveCfg = Release|Any CPU
		{223D9891-3DEE-DC28-F796-FC041EC20F9F}.Release|Any CPU.Build.0 = Release|Any CPU
	EndGlobalSection
	GlobalSection(SolutionProperties) = preSolution
		HideSolutionNode = FALSE
	EndGlobalSection
	GlobalSection(NestedProjects) = preSolution
		{223D9891-3DEE-DC28-F796-FC041EC20F9F} = {54C61845-3ACF-FF71-D043-81536256662E}
	EndGlobalSection
	GlobalSection(ExtensibilityGlobals) = postSolution
		SolutionGuid = {B6F664D6-44E1-4B1E-88CF-F962860838ED}
	EndGlobalSection
EndGlobal
